// !$*UTF8*$!
{
	archiveVersion = 1;
	classes = {
	};
	objectVersion = 77;
	objects = {

/* Begin PBXBuildFile section */
		0001FB54B1AE562E58F819BA /* StatsDetailWindow.swift in Sources */ = {isa = PBXBuildFile; fileRef = 7DB2BD8A8F69624285FC2534 /* StatsDetailWindow.swift */; };
		0026DFF52574A7D11D6AE0E4 /* HotkeyPage.swift in Sources */ = {isa = PBXBuildFile; fileRef = A41F124D194AD141C45AD373 /* HotkeyPage.swift */; };
		00966F3FF0C3252F37DC0342 /* IdleThresholdStore.swift in Sources */ = {isa = PBXBuildFile; fileRef = 755CC7B681C8323E2C35C1FD /* IdleThresholdStore.swift */; };
		016363067D14320E1F8074D5 /* AppUsageSegment.swift in Sources */ = {isa = PBXBuildFile; fileRef = F1E816B3E65EE91BA96CD1AA /* AppUsageSegment.swift */; };
		05DC5734A43326DF0D03A03D /* BreakTransitionIntent.swift in Sources */ = {isa = PBXBuildFile; fileRef = 8CEA31DB9D71D16804640B11 /* BreakTransitionIntent.swift */; };
		09A0D81D790A874E6630F035 /* CategoryManager.swift in Sources */ = {isa = PBXBuildFile; fileRef = FBE525D349FF0055233F37CE /* CategoryManager.swift */; };
		09CA990DEC583F533576BEEF /* AboutPage.swift in Sources */ = {isa = PBXBuildFile; fileRef = 3B3B86872E3ED4ED1938AE2B /* AboutPage.swift */; };
		0A73805E0D529289643AF890 /* SettingsTheme.swift in Sources */ = {isa = PBXBuildFile; fileRef = 14FAEB9F45DE8BC411F55FF0 /* SettingsTheme.swift */; };
		0C457E2681F8C34BE3ADF35C /* ConstantsDefaultsTests.swift in Sources */ = {isa = PBXBuildFile; fileRef = A085E1471B4C845A64B08334 /* ConstantsDefaultsTests.swift */; };
		0C9BD0C654A4E26439111DD6 /* AppState.swift in Sources */ = {isa = PBXBuildFile; fileRef = 3B31DB4E51995E349060A4BF /* AppState.swift */; };
		0DA902D388B24F3F3018AE26 /* AppUpdateManager.swift in Sources */ = {isa = PBXBuildFile; fileRef = 34189DB85F1FE3B22C4622E2 /* AppUpdateManager.swift */; };
		138134C030882AFF017AC890 /* AgentPage.swift in Sources */ = {isa = PBXBuildFile; fileRef = A9C07F54EF9D4748E93E3790 /* AgentPage.swift */; };
		1A6C7DA23BA0F48C7DEFCC48 /* GeneralPage.swift in Sources */ = {isa = PBXBuildFile; fileRef = 290A4E8AA4D19FB5DC5BB3CF /* GeneralPage.swift */; };
		1AEDAFD28B0428145B525554 /* Constants.swift in Sources */ = {isa = PBXBuildFile; fileRef = AA25DD516AA5500C0E0491CE /* Constants.swift */; };
		1CAD7AB6A972872AB1B1522C /* AttentionThresholdStore.swift in Sources */ = {isa = PBXBuildFile; fileRef = 0327985821E5D309FC544549 /* AttentionThresholdStore.swift */; };
		1DDBA968DC3315CAA55EE0E0 /* NewsSourceStore.swift in Sources */ = {isa = PBXBuildFile; fileRef = 07CE27FF26C6BCFBE650785D /* NewsSourceStore.swift */; };
		1F56E73BFE279638ECA2FD17 /* CategoryPairStore.swift in Sources */ = {isa = PBXBuildFile; fileRef = CD693E0101EAD4D9051D34FD /* CategoryPairStore.swift */; };
		20D4C350080049D6DC2D7E4E /* NewsPipelineService.swift in Sources */ = {isa = PBXBuildFile; fileRef = 8A98093A84397D93D2E0190A /* NewsPipelineService.swift */; };
		238B891522C7CEB45D85FAA8 /* IdlePromptPanel.swift in Sources */ = {isa = PBXBuildFile; fileRef = 9F2A3AFDD26FF89A7BBC1175 /* IdlePromptPanel.swift */; };
		25B0E14F3F8559765D991402 /* SwiftDataStoreLocation.swift in Sources */ = {isa = PBXBuildFile; fileRef = 3727A9B5A94FC100A696BC36 /* SwiftDataStoreLocation.swift */; };
		26AE35860542CB3B670B62AF /* TimerView.swift in Sources */ = {isa = PBXBuildFile; fileRef = 5439DBA4DA11226E1FD32E0F /* TimerView.swift */; };
		272BFC3DBE4F345B7E84FF77 /* DailyAttentionReport.swift in Sources */ = {isa = PBXBuildFile; fileRef = 881B92C8DB05873BF8307228 /* DailyAttentionReport.swift */; };
		289FD0AD08D447CE4FB7EAF3 /* AppearancePage.swift in Sources */ = {isa = PBXBuildFile; fileRef = 6E31EDDBD9D5616803DDF039 /* AppearancePage.swift */; };
		28B3CBFBC69FB131DF93FACF /* AttentionAnalytics.swift in Sources */ = {isa = PBXBuildFile; fileRef = FFB95F028C60D0DD5F0EEC47 /* AttentionAnalytics.swift */; };
		2914E61149677340D1EF8D4D /* BrowserURLClassificationTests.swift in Sources */ = {isa = PBXBuildFile; fileRef = 6BFDB918694C1C7CA83E3B9C /* BrowserURLClassificationTests.swift */; };
		2B7D0194C22B17AC0DB756EB /* AboutPage.swift in Sources */ = {isa = PBXBuildFile; fileRef = 3B3B86872E3ED4ED1938AE2B /* AboutPage.swift */; };
		2B8DEA8E72AC0CC016E86887 /* NewsView.swift in Sources */ = {isa = PBXBuildFile; fileRef = ADC8779891445802AEFEEDE5 /* NewsView.swift */; };
		2CA6F9AFFFC2AE48382D2FF9 /* SettingsSection.swift in Sources */ = {isa = PBXBuildFile; fileRef = 102B15EB31C2926F8C02CA7D /* SettingsSection.swift */; };
		2E1E8E3312ACD7939ACF39C4 /* HotKey in Frameworks */ = {isa = PBXBuildFile; productRef = 85C5FF338C0ED8D128A3F4A4 /* HotKey */; };
		2F3BE3CCCC9AE730A258F509 /* MemoPage.swift in Sources */ = {isa = PBXBuildFile; fileRef = 9F73EF78F2F5A2264DB659E4 /* MemoPage.swift */; };
		30D731ADD408AF38CC53CE5B /* NotificationManager.swift in Sources */ = {isa = PBXBuildFile; fileRef = F9C6F1083C9DDEF623009D0D /* NotificationManager.swift */; };
		315AFD0EDCF1F229F02DEC9F /* NumberField.swift in Sources */ = {isa = PBXBuildFile; fileRef = 658FBB3D526E45D220DD3A3A /* NumberField.swift */; };
		31AB4AAABF2512AA4FC8C028 /* AttentionEvent.swift in Sources */ = {isa = PBXBuildFile; fileRef = C098E315A72C4170158DD4C8 /* AttentionEvent.swift */; };
		3269DB63DD8C3318494DF45C /* TelemetryClient.swift in Sources */ = {isa = PBXBuildFile; fileRef = D8BB4ABECC3DDFCF3F7D0679 /* TelemetryClient.swift */; };
		32DE92C68823205EC789ECBA /* SettingsTheme.swift in Sources */ = {isa = PBXBuildFile; fileRef = 14FAEB9F45DE8BC411F55FF0 /* SettingsTheme.swift */; };
		337238A044233AF174112531 /* NewsReportIndex.swift in Sources */ = {isa = PBXBuildFile; fileRef = C3153713609563689ADB615C /* NewsReportIndex.swift */; };
		35D80B553132B90DF264D277 /* StatsPage.swift in Sources */ = {isa = PBXBuildFile; fileRef = EDE1DBB9705778C054D58377 /* StatsPage.swift */; };
		35F856165E7997406F5237AA /* StatsChartView.swift in Sources */ = {isa = PBXBuildFile; fileRef = 3449422DE95BD818E909C196 /* StatsChartView.swift */; };
		391102A0C2CE4E98866D76DE /* TrackerStateStore.swift in Sources */ = {isa = PBXBuildFile; fileRef = A1D229B2D61814B74FA649C1 /* TrackerStateStore.swift */; };
		3A1DAABFEF3A8028ADD4CD79 /* IdlePromptPanel.swift in Sources */ = {isa = PBXBuildFile; fileRef = 9F2A3AFDD26FF89A7BBC1175 /* IdlePromptPanel.swift */; };
		3A671FA2CC5885AEA2BBA419 /* HotkeyStore.swift in Sources */ = {isa = PBXBuildFile; fileRef = 3452C2E4C01A31F049181BD1 /* HotkeyStore.swift */; };
		3B87C804AFE0D1FC7D246FA0 /* NewsReportIndex.swift in Sources */ = {isa = PBXBuildFile; fileRef = C3153713609563689ADB615C /* NewsReportIndex.swift */; };
		3CBF43D40623337B5738D178 /* MemoBrowserWindow.swift in Sources */ = {isa = PBXBuildFile; fileRef = B06FD581079FC0605C6731CA /* MemoBrowserWindow.swift */; };
		44198BC1E53BFB6CDDBFD35C /* HorongHorongApp.swift in Sources */ = {isa = PBXBuildFile; fileRef = 7A4E8966D113710C92CEA4A1 /* HorongHorongApp.swift */; };
		4430C7455BABB9BE90F240D0 /* CategoryMappingPage.swift in Sources */ = {isa = PBXBuildFile; fileRef = D97A0B996748542CF8CE5D43 /* CategoryMappingPage.swift */; };
		44D9797D84B677ADC0CDFF21 /* FocusSession.swift in Sources */ = {isa = PBXBuildFile; fileRef = D6D6422AFDFDFF4A0C229A93 /* FocusSession.swift */; };
		455676486F964D8A9685CFDB /* NewsJob.swift in Sources */ = {isa = PBXBuildFile; fileRef = C6FEDB4A28FC82C768BD56C3 /* NewsJob.swift */; };
		4567B73E8D887DC9F160399B /* TimerView.swift in Sources */ = {isa = PBXBuildFile; fileRef = 5439DBA4DA11226E1FD32E0F /* TimerView.swift */; };
		459C4946B373AF605B68A0E9 /* MenuBarPopover.swift in Sources */ = {isa = PBXBuildFile; fileRef = 345F52EC98978D2B8A0439EB /* MenuBarPopover.swift */; };
		45A7BCF4EB46440E9A298087 /* QuickMemoPanel.swift in Sources */ = {isa = PBXBuildFile; fileRef = A030D0949903C9FA062FB4D1 /* QuickMemoPanel.swift */; };
		45A882288E745AC844D54E2F /* NewsDefaultsTests.swift in Sources */ = {isa = PBXBuildFile; fileRef = B73592AD72EC2285180B960A /* NewsDefaultsTests.swift */; };
		46A453BF1EF4944AB3ABC7D7 /* HorongHorongApp.swift in Sources */ = {isa = PBXBuildFile; fileRef = 7A4E8966D113710C92CEA4A1 /* HorongHorongApp.swift */; };
		47E469E49FE2CA4A3564A585 /* WindowAccessor.swift in Sources */ = {isa = PBXBuildFile; fileRef = 9319CF257767C9BA14FC62A9 /* WindowAccessor.swift */; };
		4999BFE7F0B2D40FCBA447B6 /* CategoryPairStore.swift in Sources */ = {isa = PBXBuildFile; fileRef = CD693E0101EAD4D9051D34FD /* CategoryPairStore.swift */; };
		4AF7DB95F4F14DA73338634E /* ToastPanel.swift in Sources */ = {isa = PBXBuildFile; fileRef = 28560EC4AA259D92267C28F5 /* ToastPanel.swift */; };
		4EC10E78479CA252D21CCBFC /* NewsPipelineService.swift in Sources */ = {isa = PBXBuildFile; fileRef = 8A98093A84397D93D2E0190A /* NewsPipelineService.swift */; };
		51C01295B928B8C3A7FEA701 /* SettingsSidebar.swift in Sources */ = {isa = PBXBuildFile; fileRef = 41CFFC35943443CD0A84E313 /* SettingsSidebar.swift */; };
		532725CCFBCA016CF30E224A /* SettingsCard.swift in Sources */ = {isa = PBXBuildFile; fileRef = F0BE61B97897A531F7A58A68 /* SettingsCard.swift */; };
		533B802C98794AE8B1A3CB83 /* AppCategoryRule.swift in Sources */ = {isa = PBXBuildFile; fileRef = 65B1916435470DA4F07B1A2B /* AppCategoryRule.swift */; };
		5567063656AF7EE80F718883 /* ManualSegmentEditorView.swift in Sources */ = {isa = PBXBuildFile; fileRef = DEBFC3D6CA0821BD00B62D19 /* ManualSegmentEditorView.swift */; };
		59473582E6A58C3CB519A58D /* AppUsageSegment.swift in Sources */ = {isa = PBXBuildFile; fileRef = F1E816B3E65EE91BA96CD1AA /* AppUsageSegment.swift */; };
		5A87B36A68806EAA7B236B36 /* Memo.swift in Sources */ = {isa = PBXBuildFile; fileRef = BCA39CD06B92214158D8B632 /* Memo.swift */; };
		5CEAD3C8F944905C91EE32A6 /* TimerManager.swift in Sources */ = {isa = PBXBuildFile; fileRef = 47BCD9DC2B0CED624438303A /* TimerManager.swift */; };
		5EA71A166C05975583B8178A /* NewsJob.swift in Sources */ = {isa = PBXBuildFile; fileRef = C6FEDB4A28FC82C768BD56C3 /* NewsJob.swift */; };
		5F9575D56F909341E5F91036 /* AppState.swift in Sources */ = {isa = PBXBuildFile; fileRef = 3B31DB4E51995E349060A4BF /* AppState.swift */; };
		610B81BD6C5B911E9B5FB594 /* TimerManager.swift in Sources */ = {isa = PBXBuildFile; fileRef = 47BCD9DC2B0CED624438303A /* TimerManager.swift */; };
		6255BEFEB2A8D1DE41BD3A09 /* GeneralPage.swift in Sources */ = {isa = PBXBuildFile; fileRef = 290A4E8AA4D19FB5DC5BB3CF /* GeneralPage.swift */; };
		65087745A1FB1998A76AA08D /* SwiftDataStoreLocation.swift in Sources */ = {isa = PBXBuildFile; fileRef = 3727A9B5A94FC100A696BC36 /* SwiftDataStoreLocation.swift */; };
		675C4D477215891B268F51A1 /* QuickMemoView.swift in Sources */ = {isa = PBXBuildFile; fileRef = EF78DACE05A93FE9F6570B08 /* QuickMemoView.swift */; };
		693264CD9F0555C27CD695F7 /* MemoBrowserWindow.swift in Sources */ = {isa = PBXBuildFile; fileRef = B06FD581079FC0605C6731CA /* MemoBrowserWindow.swift */; };
		695BCFFE660CE68416839EFC /* CategoryMappingPage.swift in Sources */ = {isa = PBXBuildFile; fileRef = D97A0B996748542CF8CE5D43 /* CategoryMappingPage.swift */; };
		6B9AE3B79B370DC4284245ED /* SettingsSection.swift in Sources */ = {isa = PBXBuildFile; fileRef = 102B15EB31C2926F8C02CA7D /* SettingsSection.swift */; };
		7067CFF66B6206B3E78C1353 /* HotkeyRecorderField.swift in Sources */ = {isa = PBXBuildFile; fileRef = 30FB4F2BB7BF9AD6A639806E /* HotkeyRecorderField.swift */; };
		71F7538C217AFC97575FFF3A /* MemoReminderLinkService.swift in Sources */ = {isa = PBXBuildFile; fileRef = CADCBBA073A101670F2304F6 /* MemoReminderLinkService.swift */; };
		743204795E302BF902290E6E /* StatsSummaryView.swift in Sources */ = {isa = PBXBuildFile; fileRef = 0E4FD90B5CD8FCFB8EFC9DB3 /* StatsSummaryView.swift */; };
		760BEF844A5B3167F3E07AC4 /* AppTracker.swift in Sources */ = {isa = PBXBuildFile; fileRef = 18F9699B1ADE6A072BC15A16 /* AppTracker.swift */; };
		7676F5BE56FDF366D1FE8497 /* Assets.xcassets in Resources */ = {isa = PBXBuildFile; fileRef = D1F22FB5645934CB4A1A7D0F /* Assets.xcassets */; };
		78C38709A39CB5916E78C7FF /* SettingsRow.swift in Sources */ = {isa = PBXBuildFile; fileRef = A7F7CEFF27A23967523929A0 /* SettingsRow.swift */; };
		7B3C4397A9973380E6209E19 /* WindowAccessor.swift in Sources */ = {isa = PBXBuildFile; fileRef = 9319CF257767C9BA14FC62A9 /* WindowAccessor.swift */; };
		7B8D2345A0F433866A97C450 /* Chips.swift in Sources */ = {isa = PBXBuildFile; fileRef = B7A6B136440DF771D0649296 /* Chips.swift */; };
		7C65AC212D50F78F309C7105 /* MenuBarPopover.swift in Sources */ = {isa = PBXBuildFile; fileRef = 345F52EC98978D2B8A0439EB /* MenuBarPopover.swift */; };
		7C922A7F268962B08B1E4CF8 /* QuickMemoView.swift in Sources */ = {isa = PBXBuildFile; fileRef = EF78DACE05A93FE9F6570B08 /* QuickMemoView.swift */; };
		7D5001BA1778BFD2D3D9607B /* AttentionAnalyticsTests.swift in Sources */ = {isa = PBXBuildFile; fileRef = 387F464C45BF01C903A0D019 /* AttentionAnalyticsTests.swift */; };
		7F1BC18A9C50425940C70DEC /* DailyTimelineView.swift in Sources */ = {isa = PBXBuildFile; fileRef = 99FC0E833B83C6871FAD5BDA /* DailyTimelineView.swift */; };
		8004232786078535BE1E6842 /* AgentPage.swift in Sources */ = {isa = PBXBuildFile; fileRef = A9C07F54EF9D4748E93E3790 /* AgentPage.swift */; };
		84FFF5E7FA6F5D676A2DD427 /* StatsDetailWindow.swift in Sources */ = {isa = PBXBuildFile; fileRef = 7DB2BD8A8F69624285FC2534 /* StatsDetailWindow.swift */; };
		853DD6929C384C8932D1626E /* FocusSession.swift in Sources */ = {isa = PBXBuildFile; fileRef = D6D6422AFDFDFF4A0C229A93 /* FocusSession.swift */; };
		87F3AA939D8BBDCF6104DA96 /* NumberField.swift in Sources */ = {isa = PBXBuildFile; fileRef = 658FBB3D526E45D220DD3A3A /* NumberField.swift */; };
		89797B000FD3E42C96016E72 /* HotkeyStore.swift in Sources */ = {isa = PBXBuildFile; fileRef = 3452C2E4C01A31F049181BD1 /* HotkeyStore.swift */; };
		89CC7ED84F662AE66906C38D /* SettingsRoot.swift in Sources */ = {isa = PBXBuildFile; fileRef = BFC54C82F858CC10262B1A3E /* SettingsRoot.swift */; };
		8AE9D2079C15D42F575B9737 /* AttentionEvent.swift in Sources */ = {isa = PBXBuildFile; fileRef = C098E315A72C4170158DD4C8 /* AttentionEvent.swift */; };
		907C5CA32BE34AE21DEDCB6A /* StatsAggregateCache.swift in Sources */ = {isa = PBXBuildFile; fileRef = 4C2459912E419AFD5A5D7A90 /* StatsAggregateCache.swift */; };
		9187F8ED3C5941A72C6CF2C8 /* AppCategoryRule.swift in Sources */ = {isa = PBXBuildFile; fileRef = 65B1916435470DA4F07B1A2B /* AppCategoryRule.swift */; };
		93D9F4D663EFE21581AA00F8 /* StatsSummaryView.swift in Sources */ = {isa = PBXBuildFile; fileRef = 0E4FD90B5CD8FCFB8EFC9DB3 /* StatsSummaryView.swift */; };
		946449EA22D62F0085AFBC3E /* AppearancePage.swift in Sources */ = {isa = PBXBuildFile; fileRef = 6E31EDDBD9D5616803DDF039 /* AppearancePage.swift */; };
		9539A27FD1F5F353F5AC3C03 /* Chips.swift in Sources */ = {isa = PBXBuildFile; fileRef = B7A6B136440DF771D0649296 /* Chips.swift */; };
		9712EAE85911517158098C74 /* CategoryManager.swift in Sources */ = {isa = PBXBuildFile; fileRef = FBE525D349FF0055233F37CE /* CategoryManager.swift */; };
		A350A5EAE13EA123D76BFB02 /* HotKeyManager.swift in Sources */ = {isa = PBXBuildFile; fileRef = 58D9A64B8220C19A57ED4BE0 /* HotKeyManager.swift */; };
		A388D280BCC9EB6032282ECD /* TelemetryConfig.swift in Sources */ = {isa = PBXBuildFile; fileRef = 7295A6537FEB7087333AD889 /* TelemetryConfig.swift */; };
		A5A899F873928691D361DCEE /* TimerPage.swift in Sources */ = {isa = PBXBuildFile; fileRef = 35727BD3F08417C6C3821B41 /* TimerPage.swift */; };
		A80C053F7415CA29695F7B8A /* Memo.swift in Sources */ = {isa = PBXBuildFile; fileRef = BCA39CD06B92214158D8B632 /* Memo.swift */; };
		AA7A24CBAC88249FDEE03744 /* NotificationManager.swift in Sources */ = {isa = PBXBuildFile; fileRef = F9C6F1083C9DDEF623009D0D /* NotificationManager.swift */; };
		AFED5C415142D67BF18348E0 /* SettingsRow.swift in Sources */ = {isa = PBXBuildFile; fileRef = A7F7CEFF27A23967523929A0 /* SettingsRow.swift */; };
		B05C72919DCDF746B16E76A7 /* DataPage.swift in Sources */ = {isa = PBXBuildFile; fileRef = 93C3B4093C76333C488BBFBF /* DataPage.swift */; };
		B1F39B69BED7B0EFA0DFD706 /* TelemetryConfig.swift in Sources */ = {isa = PBXBuildFile; fileRef = 7295A6537FEB7087333AD889 /* TelemetryConfig.swift */; };
		B1FDF2D27147EDC228F00650 /* TelemetryConsentStore.swift in Sources */ = {isa = PBXBuildFile; fileRef = 6DD9A0EA1CF9A42019772890 /* TelemetryConsentStore.swift */; };
		B29EB188EB9DA958F8D7BBDA /* TimerPage.swift in Sources */ = {isa = PBXBuildFile; fileRef = 35727BD3F08417C6C3821B41 /* TimerPage.swift */; };
		B3528784509B495DC0B74EBF /* BreakTransitionIntent.swift in Sources */ = {isa = PBXBuildFile; fileRef = 8CEA31DB9D71D16804640B11 /* BreakTransitionIntent.swift */; };
		B7080BB41ACDB7FB3340B3CE /* Assets.xcassets in Resources */ = {isa = PBXBuildFile; fileRef = D1F22FB5645934CB4A1A7D0F /* Assets.xcassets */; };
		B8975E412D2FEA7E1E6773D8 /* TrackerStateStore.swift in Sources */ = {isa = PBXBuildFile; fileRef = A1D229B2D61814B74FA649C1 /* TrackerStateStore.swift */; };
		B993B2B4F9A1B5B33F7810B8 /* SettingsCard.swift in Sources */ = {isa = PBXBuildFile; fileRef = F0BE61B97897A531F7A58A68 /* SettingsCard.swift */; };
		BD616B01DF26BD6082F4FD0E /* TelemetryConsentStore.swift in Sources */ = {isa = PBXBuildFile; fileRef = 6DD9A0EA1CF9A42019772890 /* TelemetryConsentStore.swift */; };
		C01F8CD99337F59D80BD2EFF /* MemoReminderLinkService.swift in Sources */ = {isa = PBXBuildFile; fileRef = CADCBBA073A101670F2304F6 /* MemoReminderLinkService.swift */; };
		C07D89B4E7FFDC4E467D2CEC /* SwiftDataStoreLocationTests.swift in Sources */ = {isa = PBXBuildFile; fileRef = 8279E0A05302FEB732DF9F1B /* SwiftDataStoreLocationTests.swift */; };
		C188D409EA4A7C34F06ADB97 /* ToastPanel.swift in Sources */ = {isa = PBXBuildFile; fileRef = 28560EC4AA259D92267C28F5 /* ToastPanel.swift */; };
		C78A6683548FD6B079DBE7AB /* QuickMemoPanel.swift in Sources */ = {isa = PBXBuildFile; fileRef = A030D0949903C9FA062FB4D1 /* QuickMemoPanel.swift */; };
		C9152C92297F1D3166835ECD /* MemoListView.swift in Sources */ = {isa = PBXBuildFile; fileRef = 76B92287537E68101A2064BE /* MemoListView.swift */; };
		CDB824ED9A9BD44F60F92F11 /* AppUsageRecord.swift in Sources */ = {isa = PBXBuildFile; fileRef = 5367A19AC0B33153A38EC710 /* AppUsageRecord.swift */; };
		CE1BF3D54B1C542F8E34A3A6 /* HotKeyManager.swift in Sources */ = {isa = PBXBuildFile; fileRef = 58D9A64B8220C19A57ED4BE0 /* HotKeyManager.swift */; };
		CEEB0868110644CE605BE0EF /* IdleThresholdStore.swift in Sources */ = {isa = PBXBuildFile; fileRef = 755CC7B681C8323E2C35C1FD /* IdleThresholdStore.swift */; };
		D1693B32CB672067FC2B9645 /* NewsSourceStore.swift in Sources */ = {isa = PBXBuildFile; fileRef = 07CE27FF26C6BCFBE650785D /* NewsSourceStore.swift */; };
		D1B01DA0AC4C7C042A3F2A5E /* StatsAggregateCache.swift in Sources */ = {isa = PBXBuildFile; fileRef = 4C2459912E419AFD5A5D7A90 /* StatsAggregateCache.swift */; };
		D29381D3B26885804DF53D7E /* StatsChartView.swift in Sources */ = {isa = PBXBuildFile; fileRef = 3449422DE95BD818E909C196 /* StatsChartView.swift */; };
		D2F1BB8FB913F1F9E55F5A29 /* MemoPage.swift in Sources */ = {isa = PBXBuildFile; fileRef = 9F73EF78F2F5A2264DB659E4 /* MemoPage.swift */; };
		D7282E6EE4EE7518C643767E /* HotkeyPage.swift in Sources */ = {isa = PBXBuildFile; fileRef = A41F124D194AD141C45AD373 /* HotkeyPage.swift */; };
		D73B107FF69D256E8EB3818C /* NewsSourceSheets.swift in Sources */ = {isa = PBXBuildFile; fileRef = ABE4FC297A4219769ED63E5F /* NewsSourceSheets.swift */; };
		D7AC6BC9D65AE62285D791EA /* DataPage.swift in Sources */ = {isa = PBXBuildFile; fileRef = 93C3B4093C76333C488BBFBF /* DataPage.swift */; };
		D86AE09E168B67F6030C8D75 /* TelemetryClient.swift in Sources */ = {isa = PBXBuildFile; fileRef = D8BB4ABECC3DDFCF3F7D0679 /* TelemetryClient.swift */; };
		DC75971C572F7C2271E87F3C /* AttentionThresholdStore.swift in Sources */ = {isa = PBXBuildFile; fileRef = 0327985821E5D309FC544549 /* AttentionThresholdStore.swift */; };
		DE77B8B431013949F4432E0C /* DailyAttentionReport.swift in Sources */ = {isa = PBXBuildFile; fileRef = 881B92C8DB05873BF8307228 /* DailyAttentionReport.swift */; };
		E0E8E2D315CAAD284FAA4995 /* AppTracker.swift in Sources */ = {isa = PBXBuildFile; fileRef = 18F9699B1ADE6A072BC15A16 /* AppTracker.swift */; };
		E31A23BC39CC496DE6A0AC67 /* AttentionAnalytics.swift in Sources */ = {isa = PBXBuildFile; fileRef = FFB95F028C60D0DD5F0EEC47 /* AttentionAnalytics.swift */; };
		E31A54EE84EC9A62F4FA971C /* HotKey in Frameworks */ = {isa = PBXBuildFile; productRef = 249ADDF9DA45E15FEBDF62D3 /* HotKey */; };
		E3C8FF0049B8921F18CE8281 /* NewsView.swift in Sources */ = {isa = PBXBuildFile; fileRef = ADC8779891445802AEFEEDE5 /* NewsView.swift */; };
		E66989622DD4CF4E1A1E623E /* AppUsageRecord.swift in Sources */ = {isa = PBXBuildFile; fileRef = 5367A19AC0B33153A38EC710 /* AppUsageRecord.swift */; };
		E959B94296644B9C3AF5AA8C /* Sparkle in Frameworks */ = {isa = PBXBuildFile; productRef = 99C698B2D6E31BC55CA99E28 /* Sparkle */; };
		EA80346AF95E33D253BC6571 /* StatsPage.swift in Sources */ = {isa = PBXBuildFile; fileRef = EDE1DBB9705778C054D58377 /* StatsPage.swift */; };
		EC2A470059AF29664EC97895 /* SettingsRoot.swift in Sources */ = {isa = PBXBuildFile; fileRef = BFC54C82F858CC10262B1A3E /* SettingsRoot.swift */; };
		EC50549718FC0C979520BDAF /* NewsPage.swift in Sources */ = {isa = PBXBuildFile; fileRef = 104D18F3AD23C0B95CC2E344 /* NewsPage.swift */; };
		ECC230395CCF73ED85FA1661 /* NewsSourceSheets.swift in Sources */ = {isa = PBXBuildFile; fileRef = ABE4FC297A4219769ED63E5F /* NewsSourceSheets.swift */; };
		ECCAFFFD8FD947204F06304B /* HotkeyRecorderField.swift in Sources */ = {isa = PBXBuildFile; fileRef = 30FB4F2BB7BF9AD6A639806E /* HotkeyRecorderField.swift */; };
		ED32C74F4BFD97AFA63FF617 /* Constants.swift in Sources */ = {isa = PBXBuildFile; fileRef = AA25DD516AA5500C0E0491CE /* Constants.swift */; };
		EE8925923588F90EEF3046B3 /* MemoListView.swift in Sources */ = {isa = PBXBuildFile; fileRef = 76B92287537E68101A2064BE /* MemoListView.swift */; };
		F2C018E05B5982E4D56AFFE0 /* SettingsSidebar.swift in Sources */ = {isa = PBXBuildFile; fileRef = 41CFFC35943443CD0A84E313 /* SettingsSidebar.swift */; };
		F4D9E259D17E0B935BAB22BE /* NewsPage.swift in Sources */ = {isa = PBXBuildFile; fileRef = 104D18F3AD23C0B95CC2E344 /* NewsPage.swift */; };
		FA4C0EC8BCBD4E91B2FBD41A /* ManualSegmentEditorView.swift in Sources */ = {isa = PBXBuildFile; fileRef = DEBFC3D6CA0821BD00B62D19 /* ManualSegmentEditorView.swift */; };
		FFB67723BAB290AFB9E66A55 /* DailyTimelineView.swift in Sources */ = {isa = PBXBuildFile; fileRef = 99FC0E833B83C6871FAD5BDA /* DailyTimelineView.swift */; };
/* End PBXBuildFile section */

/* Begin PBXContainerItemProxy section */
		2C490A1E3380C172E53EB8D4 /* PBXContainerItemProxy */ = {
			isa = PBXContainerItemProxy;
			containerPortal = E67964FB6A29DB85DDC82AE9 /* Project object */;
			proxyType = 1;
			remoteGlobalIDString = 3999572A8689F893F9B202D0;
			remoteInfo = HorongHorong;
		};
/* End PBXContainerItemProxy section */

/* Begin PBXFileReference section */
		0327985821E5D309FC544549 /* AttentionThresholdStore.swift */ = {isa = PBXFileReference; lastKnownFileType = sourcecode.swift; path = AttentionThresholdStore.swift; sourceTree = "<group>"; };
		07CE27FF26C6BCFBE650785D /* NewsSourceStore.swift */ = {isa = PBXFileReference; lastKnownFileType = sourcecode.swift; path = NewsSourceStore.swift; sourceTree = "<group>"; };
		0E4FD90B5CD8FCFB8EFC9DB3 /* StatsSummaryView.swift */ = {isa = PBXFileReference; lastKnownFileType = sourcecode.swift; path = StatsSummaryView.swift; sourceTree = "<group>"; };
		102B15EB31C2926F8C02CA7D /* SettingsSection.swift */ = {isa = PBXFileReference; lastKnownFileType = sourcecode.swift; path = SettingsSection.swift; sourceTree = "<group>"; };
		104D18F3AD23C0B95CC2E344 /* NewsPage.swift */ = {isa = PBXFileReference; lastKnownFileType = sourcecode.swift; path = NewsPage.swift; sourceTree = "<group>"; };
		10CE7DD3A661DA617C9DB0AA /* Secrets.xcconfig */ = {isa = PBXFileReference; lastKnownFileType = text.xcconfig; path = Secrets.xcconfig; sourceTree = "<group>"; };
		11B0CDCA7E10FBDDE98D737D /* Base.xcconfig */ = {isa = PBXFileReference; lastKnownFileType = text.xcconfig; path = Base.xcconfig; sourceTree = "<group>"; };
		14FAEB9F45DE8BC411F55FF0 /* SettingsTheme.swift */ = {isa = PBXFileReference; lastKnownFileType = sourcecode.swift; path = SettingsTheme.swift; sourceTree = "<group>"; };
		18F9699B1ADE6A072BC15A16 /* AppTracker.swift */ = {isa = PBXFileReference; lastKnownFileType = sourcecode.swift; path = AppTracker.swift; sourceTree = "<group>"; };
		28560EC4AA259D92267C28F5 /* ToastPanel.swift */ = {isa = PBXFileReference; lastKnownFileType = sourcecode.swift; path = ToastPanel.swift; sourceTree = "<group>"; };
		290A4E8AA4D19FB5DC5BB3CF /* GeneralPage.swift */ = {isa = PBXFileReference; lastKnownFileType = sourcecode.swift; path = GeneralPage.swift; sourceTree = "<group>"; };
		30FB4F2BB7BF9AD6A639806E /* HotkeyRecorderField.swift */ = {isa = PBXFileReference; lastKnownFileType = sourcecode.swift; path = HotkeyRecorderField.swift; sourceTree = "<group>"; };
		34189DB85F1FE3B22C4622E2 /* AppUpdateManager.swift */ = {isa = PBXFileReference; lastKnownFileType = sourcecode.swift; path = AppUpdateManager.swift; sourceTree = "<group>"; };
		3449422DE95BD818E909C196 /* StatsChartView.swift */ = {isa = PBXFileReference; lastKnownFileType = sourcecode.swift; path = StatsChartView.swift; sourceTree = "<group>"; };
		3452C2E4C01A31F049181BD1 /* HotkeyStore.swift */ = {isa = PBXFileReference; lastKnownFileType = sourcecode.swift; path = HotkeyStore.swift; sourceTree = "<group>"; };
		345F52EC98978D2B8A0439EB /* MenuBarPopover.swift */ = {isa = PBXFileReference; lastKnownFileType = sourcecode.swift; path = MenuBarPopover.swift; sourceTree = "<group>"; };
		35727BD3F08417C6C3821B41 /* TimerPage.swift */ = {isa = PBXFileReference; lastKnownFileType = sourcecode.swift; path = TimerPage.swift; sourceTree = "<group>"; };
		3727A9B5A94FC100A696BC36 /* SwiftDataStoreLocation.swift */ = {isa = PBXFileReference; lastKnownFileType = sourcecode.swift; path = SwiftDataStoreLocation.swift; sourceTree = "<group>"; };
		387F464C45BF01C903A0D019 /* AttentionAnalyticsTests.swift */ = {isa = PBXFileReference; lastKnownFileType = sourcecode.swift; path = AttentionAnalyticsTests.swift; sourceTree = "<group>"; };
		3B31DB4E51995E349060A4BF /* AppState.swift */ = {isa = PBXFileReference; lastKnownFileType = sourcecode.swift; path = AppState.swift; sourceTree = "<group>"; };
		3B3B86872E3ED4ED1938AE2B /* AboutPage.swift */ = {isa = PBXFileReference; lastKnownFileType = sourcecode.swift; path = AboutPage.swift; sourceTree = "<group>"; };
		41CFFC35943443CD0A84E313 /* SettingsSidebar.swift */ = {isa = PBXFileReference; lastKnownFileType = sourcecode.swift; path = SettingsSidebar.swift; sourceTree = "<group>"; };
		466E0B5D318243D443FE2A58 /* HorongHorongTests.xctest */ = {isa = PBXFileReference; explicitFileType = wrapper.cfbundle; includeInIndex = 0; path = HorongHorongTests.xctest; sourceTree = BUILT_PRODUCTS_DIR; };
		47BCD9DC2B0CED624438303A /* TimerManager.swift */ = {isa = PBXFileReference; lastKnownFileType = sourcecode.swift; path = TimerManager.swift; sourceTree = "<group>"; };
		4C2459912E419AFD5A5D7A90 /* StatsAggregateCache.swift */ = {isa = PBXFileReference; lastKnownFileType = sourcecode.swift; path = StatsAggregateCache.swift; sourceTree = "<group>"; };
		5367A19AC0B33153A38EC710 /* AppUsageRecord.swift */ = {isa = PBXFileReference; lastKnownFileType = sourcecode.swift; path = AppUsageRecord.swift; sourceTree = "<group>"; };
		5439DBA4DA11226E1FD32E0F /* TimerView.swift */ = {isa = PBXFileReference; lastKnownFileType = sourcecode.swift; path = TimerView.swift; sourceTree = "<group>"; };
		564D4EC5189ABAFEE6EC2A39 /* HorongHorong.app */ = {isa = PBXFileReference; explicitFileType = wrapper.application; includeInIndex = 0; path = HorongHorong.app; sourceTree = BUILT_PRODUCTS_DIR; };
		5781B69C3CC47679EB30841C /* Info-AppStore.plist */ = {isa = PBXFileReference; lastKnownFileType = text.plist; path = "Info-AppStore.plist"; sourceTree = "<group>"; };
		58D9A64B8220C19A57ED4BE0 /* HotKeyManager.swift */ = {isa = PBXFileReference; lastKnownFileType = sourcecode.swift; path = HotKeyManager.swift; sourceTree = "<group>"; };
		658FBB3D526E45D220DD3A3A /* NumberField.swift */ = {isa = PBXFileReference; lastKnownFileType = sourcecode.swift; path = NumberField.swift; sourceTree = "<group>"; };
		65B1916435470DA4F07B1A2B /* AppCategoryRule.swift */ = {isa = PBXFileReference; lastKnownFileType = sourcecode.swift; path = AppCategoryRule.swift; sourceTree = "<group>"; };
		6BFDB918694C1C7CA83E3B9C /* BrowserURLClassificationTests.swift */ = {isa = PBXFileReference; lastKnownFileType = sourcecode.swift; path = BrowserURLClassificationTests.swift; sourceTree = "<group>"; };
		6DD9A0EA1CF9A42019772890 /* TelemetryConsentStore.swift */ = {isa = PBXFileReference; lastKnownFileType = sourcecode.swift; path = TelemetryConsentStore.swift; sourceTree = "<group>"; };
		6E31EDDBD9D5616803DDF039 /* AppearancePage.swift */ = {isa = PBXFileReference; lastKnownFileType = sourcecode.swift; path = AppearancePage.swift; sourceTree = "<group>"; };
		7295A6537FEB7087333AD889 /* TelemetryConfig.swift */ = {isa = PBXFileReference; lastKnownFileType = sourcecode.swift; path = TelemetryConfig.swift; sourceTree = "<group>"; };
		755CC7B681C8323E2C35C1FD /* IdleThresholdStore.swift */ = {isa = PBXFileReference; lastKnownFileType = sourcecode.swift; path = IdleThresholdStore.swift; sourceTree = "<group>"; };
		76B92287537E68101A2064BE /* MemoListView.swift */ = {isa = PBXFileReference; lastKnownFileType = sourcecode.swift; path = MemoListView.swift; sourceTree = "<group>"; };
		7A4E8966D113710C92CEA4A1 /* HorongHorongApp.swift */ = {isa = PBXFileReference; lastKnownFileType = sourcecode.swift; path = HorongHorongApp.swift; sourceTree = "<group>"; };
		7DB2BD8A8F69624285FC2534 /* StatsDetailWindow.swift */ = {isa = PBXFileReference; lastKnownFileType = sourcecode.swift; path = StatsDetailWindow.swift; sourceTree = "<group>"; };
		8279E0A05302FEB732DF9F1B /* SwiftDataStoreLocationTests.swift */ = {isa = PBXFileReference; lastKnownFileType = sourcecode.swift; path = SwiftDataStoreLocationTests.swift; sourceTree = "<group>"; };
		881B92C8DB05873BF8307228 /* DailyAttentionReport.swift */ = {isa = PBXFileReference; lastKnownFileType = sourcecode.swift; path = DailyAttentionReport.swift; sourceTree = "<group>"; };
		8A98093A84397D93D2E0190A /* NewsPipelineService.swift */ = {isa = PBXFileReference; lastKnownFileType = sourcecode.swift; path = NewsPipelineService.swift; sourceTree = "<group>"; };
		8CEA31DB9D71D16804640B11 /* BreakTransitionIntent.swift */ = {isa = PBXFileReference; lastKnownFileType = sourcecode.swift; path = BreakTransitionIntent.swift; sourceTree = "<group>"; };
		9319CF257767C9BA14FC62A9 /* WindowAccessor.swift */ = {isa = PBXFileReference; lastKnownFileType = sourcecode.swift; path = WindowAccessor.swift; sourceTree = "<group>"; };
		93C3B4093C76333C488BBFBF /* DataPage.swift */ = {isa = PBXFileReference; lastKnownFileType = sourcecode.swift; path = DataPage.swift; sourceTree = "<group>"; };
		97B2D11878311BFAD0B97EE8 /* HorongHorongAppStore.app */ = {isa = PBXFileReference; explicitFileType = wrapper.application; includeInIndex = 0; path = HorongHorongAppStore.app; sourceTree = BUILT_PRODUCTS_DIR; };
		99FC0E833B83C6871FAD5BDA /* DailyTimelineView.swift */ = {isa = PBXFileReference; lastKnownFileType = sourcecode.swift; path = DailyTimelineView.swift; sourceTree = "<group>"; };
		9F2A3AFDD26FF89A7BBC1175 /* IdlePromptPanel.swift */ = {isa = PBXFileReference; lastKnownFileType = sourcecode.swift; path = IdlePromptPanel.swift; sourceTree = "<group>"; };
		9F73EF78F2F5A2264DB659E4 /* MemoPage.swift */ = {isa = PBXFileReference; lastKnownFileType = sourcecode.swift; path = MemoPage.swift; sourceTree = "<group>"; };
		A030D0949903C9FA062FB4D1 /* QuickMemoPanel.swift */ = {isa = PBXFileReference; lastKnownFileType = sourcecode.swift; path = QuickMemoPanel.swift; sourceTree = "<group>"; };
		A085E1471B4C845A64B08334 /* ConstantsDefaultsTests.swift */ = {isa = PBXFileReference; lastKnownFileType = sourcecode.swift; path = ConstantsDefaultsTests.swift; sourceTree = "<group>"; };
		A1D229B2D61814B74FA649C1 /* TrackerStateStore.swift */ = {isa = PBXFileReference; lastKnownFileType = sourcecode.swift; path = TrackerStateStore.swift; sourceTree = "<group>"; };
		A41F124D194AD141C45AD373 /* HotkeyPage.swift */ = {isa = PBXFileReference; lastKnownFileType = sourcecode.swift; path = HotkeyPage.swift; sourceTree = "<group>"; };
		A7F7CEFF27A23967523929A0 /* SettingsRow.swift */ = {isa = PBXFileReference; lastKnownFileType = sourcecode.swift; path = SettingsRow.swift; sourceTree = "<group>"; };
		A9C07F54EF9D4748E93E3790 /* AgentPage.swift */ = {isa = PBXFileReference; lastKnownFileType = sourcecode.swift; path = AgentPage.swift; sourceTree = "<group>"; };
		AA25DD516AA5500C0E0491CE /* Constants.swift */ = {isa = PBXFileReference; lastKnownFileType = sourcecode.swift; path = Constants.swift; sourceTree = "<group>"; };
		ABE4FC297A4219769ED63E5F /* NewsSourceSheets.swift */ = {isa = PBXFileReference; lastKnownFileType = sourcecode.swift; path = NewsSourceSheets.swift; sourceTree = "<group>"; };
		ADC8779891445802AEFEEDE5 /* NewsView.swift */ = {isa = PBXFileReference; lastKnownFileType = sourcecode.swift; path = NewsView.swift; sourceTree = "<group>"; };
		B06FD581079FC0605C6731CA /* MemoBrowserWindow.swift */ = {isa = PBXFileReference; lastKnownFileType = sourcecode.swift; path = MemoBrowserWindow.swift; sourceTree = "<group>"; };
		B07A535A9CDE7A856AF5AD5F /* Info.plist */ = {isa = PBXFileReference; lastKnownFileType = text.plist; path = Info.plist; sourceTree = "<group>"; };
		B73592AD72EC2285180B960A /* NewsDefaultsTests.swift */ = {isa = PBXFileReference; lastKnownFileType = sourcecode.swift; path = NewsDefaultsTests.swift; sourceTree = "<group>"; };
		B7A6B136440DF771D0649296 /* Chips.swift */ = {isa = PBXFileReference; lastKnownFileType = sourcecode.swift; path = Chips.swift; sourceTree = "<group>"; };
		BCA39CD06B92214158D8B632 /* Memo.swift */ = {isa = PBXFileReference; lastKnownFileType = sourcecode.swift; path = Memo.swift; sourceTree = "<group>"; };
		BFC54C82F858CC10262B1A3E /* SettingsRoot.swift */ = {isa = PBXFileReference; lastKnownFileType = sourcecode.swift; path = SettingsRoot.swift; sourceTree = "<group>"; };
		C098E315A72C4170158DD4C8 /* AttentionEvent.swift */ = {isa = PBXFileReference; lastKnownFileType = sourcecode.swift; path = AttentionEvent.swift; sourceTree = "<group>"; };
		C3153713609563689ADB615C /* NewsReportIndex.swift */ = {isa = PBXFileReference; lastKnownFileType = sourcecode.swift; path = NewsReportIndex.swift; sourceTree = "<group>"; };
		C6FEDB4A28FC82C768BD56C3 /* NewsJob.swift */ = {isa = PBXFileReference; lastKnownFileType = sourcecode.swift; path = NewsJob.swift; sourceTree = "<group>"; };
		CADCBBA073A101670F2304F6 /* MemoReminderLinkService.swift */ = {isa = PBXFileReference; lastKnownFileType = sourcecode.swift; path = MemoReminderLinkService.swift; sourceTree = "<group>"; };
		CD693E0101EAD4D9051D34FD /* CategoryPairStore.swift */ = {isa = PBXFileReference; lastKnownFileType = sourcecode.swift; path = CategoryPairStore.swift; sourceTree = "<group>"; };
		D1F22FB5645934CB4A1A7D0F /* Assets.xcassets */ = {isa = PBXFileReference; lastKnownFileType = folder.assetcatalog; path = Assets.xcassets; sourceTree = "<group>"; };
		D6D6422AFDFDFF4A0C229A93 /* FocusSession.swift */ = {isa = PBXFileReference; lastKnownFileType = sourcecode.swift; path = FocusSession.swift; sourceTree = "<group>"; };
		D8BB4ABECC3DDFCF3F7D0679 /* TelemetryClient.swift */ = {isa = PBXFileReference; lastKnownFileType = sourcecode.swift; path = TelemetryClient.swift; sourceTree = "<group>"; };
		D97A0B996748542CF8CE5D43 /* CategoryMappingPage.swift */ = {isa = PBXFileReference; lastKnownFileType = sourcecode.swift; path = CategoryMappingPage.swift; sourceTree = "<group>"; };
		DEBFC3D6CA0821BD00B62D19 /* ManualSegmentEditorView.swift */ = {isa = PBXFileReference; lastKnownFileType = sourcecode.swift; path = ManualSegmentEditorView.swift; sourceTree = "<group>"; };
		EDE1DBB9705778C054D58377 /* StatsPage.swift */ = {isa = PBXFileReference; lastKnownFileType = sourcecode.swift; path = StatsPage.swift; sourceTree = "<group>"; };
		EF78DACE05A93FE9F6570B08 /* QuickMemoView.swift */ = {isa = PBXFileReference; lastKnownFileType = sourcecode.swift; path = QuickMemoView.swift; sourceTree = "<group>"; };
		F0BE61B97897A531F7A58A68 /* SettingsCard.swift */ = {isa = PBXFileReference; lastKnownFileType = sourcecode.swift; path = SettingsCard.swift; sourceTree = "<group>"; };
		F16A0CA6233EC48B6C11499D /* Secrets.example.xcconfig */ = {isa = PBXFileReference; lastKnownFileType = text.xcconfig; path = Secrets.example.xcconfig; sourceTree = "<group>"; };
		F1E816B3E65EE91BA96CD1AA /* AppUsageSegment.swift */ = {isa = PBXFileReference; lastKnownFileType = sourcecode.swift; path = AppUsageSegment.swift; sourceTree = "<group>"; };
		F9C6F1083C9DDEF623009D0D /* NotificationManager.swift */ = {isa = PBXFileReference; lastKnownFileType = sourcecode.swift; path = NotificationManager.swift; sourceTree = "<group>"; };
		FBE525D349FF0055233F37CE /* CategoryManager.swift */ = {isa = PBXFileReference; lastKnownFileType = sourcecode.swift; path = CategoryManager.swift; sourceTree = "<group>"; };
		FFB95F028C60D0DD5F0EEC47 /* AttentionAnalytics.swift */ = {isa = PBXFileReference; lastKnownFileType = sourcecode.swift; path = AttentionAnalytics.swift; sourceTree = "<group>"; };
/* End PBXFileReference section */

/* Begin PBXFrameworksBuildPhase section */
		09EAF433CEAFBA6D0F266997 /* Frameworks */ = {
			isa = PBXFrameworksBuildPhase;
			buildActionMask = 2147483647;
			files = (
				E31A54EE84EC9A62F4FA971C /* HotKey in Frameworks */,
				E959B94296644B9C3AF5AA8C /* Sparkle in Frameworks */,
			);
			runOnlyForDeploymentPostprocessing = 0;
		};
		6014F09331C13E9CD77C4153 /* Frameworks */ = {
			isa = PBXFrameworksBuildPhase;
			buildActionMask = 2147483647;
			files = (
				2E1E8E3312ACD7939ACF39C4 /* HotKey in Frameworks */,
			);
			runOnlyForDeploymentPostprocessing = 0;
		};
/* End PBXFrameworksBuildPhase section */

/* Begin PBXGroup section */
		050845981012ADD03FE55AEF /* Pages */ = {
			isa = PBXGroup;
			children = (
				3B3B86872E3ED4ED1938AE2B /* AboutPage.swift */,
				A9C07F54EF9D4748E93E3790 /* AgentPage.swift */,
				6E31EDDBD9D5616803DDF039 /* AppearancePage.swift */,
				D97A0B996748542CF8CE5D43 /* CategoryMappingPage.swift */,
				93C3B4093C76333C488BBFBF /* DataPage.swift */,
				290A4E8AA4D19FB5DC5BB3CF /* GeneralPage.swift */,
				A41F124D194AD141C45AD373 /* HotkeyPage.swift */,
				9F73EF78F2F5A2264DB659E4 /* MemoPage.swift */,
				104D18F3AD23C0B95CC2E344 /* NewsPage.swift */,
				EDE1DBB9705778C054D58377 /* StatsPage.swift */,
				35727BD3F08417C6C3821B41 /* TimerPage.swift */,
				3C42F5CB9DC6F0371F6146C1 /* News */,
			);
			path = Pages;
			sourceTree = "<group>";
		};
		096E81D0C25EC67C71392176 /* AppUpdate */ = {
			isa = PBXGroup;
			children = (
				34189DB85F1FE3B22C4622E2 /* AppUpdateManager.swift */,
			);
			path = AppUpdate;
			sourceTree = "<group>";
		};
		1E4B4965F265FB7B10860E3E /* MenuBar */ = {
			isa = PBXGroup;
			children = (
				345F52EC98978D2B8A0439EB /* MenuBarPopover.swift */,
			);
			path = MenuBar;
			sourceTree = "<group>";
		};
		35D18E31DCBE60D17D28BDE3 /* Resources */ = {
			isa = PBXGroup;
			children = (
				D1F22FB5645934CB4A1A7D0F /* Assets.xcassets */,
			);
			path = Resources;
			sourceTree = "<group>";
		};
		3A8CA04F4FC42E0E6CA92FEC /* Settings */ = {
			isa = PBXGroup;
			children = (
				BFC54C82F858CC10262B1A3E /* SettingsRoot.swift */,
				102B15EB31C2926F8C02CA7D /* SettingsSection.swift */,
				41CFFC35943443CD0A84E313 /* SettingsSidebar.swift */,
				14FAEB9F45DE8BC411F55FF0 /* SettingsTheme.swift */,
				9319CF257767C9BA14FC62A9 /* WindowAccessor.swift */,
				3AF15524735B08C4CAF2F99A /* Components */,
				050845981012ADD03FE55AEF /* Pages */,
			);
			path = Settings;
			sourceTree = "<group>";
		};
		3AF15524735B08C4CAF2F99A /* Components */ = {
			isa = PBXGroup;
			children = (
				B7A6B136440DF771D0649296 /* Chips.swift */,
				30FB4F2BB7BF9AD6A639806E /* HotkeyRecorderField.swift */,
				F0BE61B97897A531F7A58A68 /* SettingsCard.swift */,
				A7F7CEFF27A23967523929A0 /* SettingsRow.swift */,
			);
			path = Components;
			sourceTree = "<group>";
		};
		3C42F5CB9DC6F0371F6146C1 /* News */ = {
			isa = PBXGroup;
			children = (
				ABE4FC297A4219769ED63E5F /* NewsSourceSheets.swift */,
			);
			path = News;
			sourceTree = "<group>";
		};
		6B199C2C66A17B1375EC6B5B /* Models */ = {
			isa = PBXGroup;
			children = (
				65B1916435470DA4F07B1A2B /* AppCategoryRule.swift */,
				5367A19AC0B33153A38EC710 /* AppUsageRecord.swift */,
				F1E816B3E65EE91BA96CD1AA /* AppUsageSegment.swift */,
				C098E315A72C4170158DD4C8 /* AttentionEvent.swift */,
				8CEA31DB9D71D16804640B11 /* BreakTransitionIntent.swift */,
				D6D6422AFDFDFF4A0C229A93 /* FocusSession.swift */,
				BCA39CD06B92214158D8B632 /* Memo.swift */,
				C6FEDB4A28FC82C768BD56C3 /* NewsJob.swift */,
				C3153713609563689ADB615C /* NewsReportIndex.swift */,
			);
			path = Models;
			sourceTree = "<group>";
		};
		70939391556BCCF973D3BE42 /* Utilities */ = {
			isa = PBXGroup;
			children = (
				AA25DD516AA5500C0E0491CE /* Constants.swift */,
				58D9A64B8220C19A57ED4BE0 /* HotKeyManager.swift */,
				3452C2E4C01A31F049181BD1 /* HotkeyStore.swift */,
				F9C6F1083C9DDEF623009D0D /* NotificationManager.swift */,
				658FBB3D526E45D220DD3A3A /* NumberField.swift */,
				3727A9B5A94FC100A696BC36 /* SwiftDataStoreLocation.swift */,
				28560EC4AA259D92267C28F5 /* ToastPanel.swift */,
			);
			path = Utilities;
			sourceTree = "<group>";
		};
		7D94F9DB0BFCB29F01DFE58B /* HorongHorongTests */ = {
			isa = PBXGroup;
			children = (
				387F464C45BF01C903A0D019 /* AttentionAnalyticsTests.swift */,
				6BFDB918694C1C7CA83E3B9C /* BrowserURLClassificationTests.swift */,
				A085E1471B4C845A64B08334 /* ConstantsDefaultsTests.swift */,
				B73592AD72EC2285180B960A /* NewsDefaultsTests.swift */,
				8279E0A05302FEB732DF9F1B /* SwiftDataStoreLocationTests.swift */,
			);
			path = HorongHorongTests;
			sourceTree = "<group>";
		};
		7E4B8A99BE669550C84D8049 /* Services */ = {
			isa = PBXGroup;
			children = (
				096E81D0C25EC67C71392176 /* AppUpdate */,
				E56EC08269797638E4600255 /* News */,
				BAA43AF28AB4560AC194F9DB /* Telemetry */,
			);
			path = Services;
			sourceTree = "<group>";
		};
		80DE00BE96B88166E708AFDD /* News */ = {
			isa = PBXGroup;
			children = (
				07CE27FF26C6BCFBE650785D /* NewsSourceStore.swift */,
				ADC8779891445802AEFEEDE5 /* NewsView.swift */,
			);
			path = News;
			sourceTree = "<group>";
		};
		8FE6EAB0B532AF56F183C23A = {
			isa = PBXGroup;
			children = (
				C2D515DF86BBE6EF2716EFAC /* HorongHorong */,
				7D94F9DB0BFCB29F01DFE58B /* HorongHorongTests */,
				D6F211BE9251816CECE7319B /* Products */,
			);
			sourceTree = "<group>";
		};
		9A16804608A10A3554227571 /* Tracker */ = {
			isa = PBXGroup;
			children = (
				18F9699B1ADE6A072BC15A16 /* AppTracker.swift */,
				FBE525D349FF0055233F37CE /* CategoryManager.swift */,
				9F2A3AFDD26FF89A7BBC1175 /* IdlePromptPanel.swift */,
				755CC7B681C8323E2C35C1FD /* IdleThresholdStore.swift */,
				A1D229B2D61814B74FA649C1 /* TrackerStateStore.swift */,
			);
			path = Tracker;
			sourceTree = "<group>";
		};
		A70162EC166B024EE7E3C3F4 /* Config */ = {
			isa = PBXGroup;
			children = (
				11B0CDCA7E10FBDDE98D737D /* Base.xcconfig */,
				F16A0CA6233EC48B6C11499D /* Secrets.example.xcconfig */,
				10CE7DD3A661DA617C9DB0AA /* Secrets.xcconfig */,
			);
			path = Config;
			sourceTree = "<group>";
		};
		B9036DF71B70E130CCBCE424 /* Timer */ = {
			isa = PBXGroup;
			children = (
				47BCD9DC2B0CED624438303A /* TimerManager.swift */,
				5439DBA4DA11226E1FD32E0F /* TimerView.swift */,
			);
			path = Timer;
			sourceTree = "<group>";
		};
		BAA43AF28AB4560AC194F9DB /* Telemetry */ = {
			isa = PBXGroup;
			children = (
				D8BB4ABECC3DDFCF3F7D0679 /* TelemetryClient.swift */,
				7295A6537FEB7087333AD889 /* TelemetryConfig.swift */,
				6DD9A0EA1CF9A42019772890 /* TelemetryConsentStore.swift */,
			);
			path = Telemetry;
			sourceTree = "<group>";
		};
		C0672397F94719C7E3361487 /* Stats */ = {
			isa = PBXGroup;
			children = (
				FFB95F028C60D0DD5F0EEC47 /* AttentionAnalytics.swift */,
				0327985821E5D309FC544549 /* AttentionThresholdStore.swift */,
				CD693E0101EAD4D9051D34FD /* CategoryPairStore.swift */,
				881B92C8DB05873BF8307228 /* DailyAttentionReport.swift */,
				99FC0E833B83C6871FAD5BDA /* DailyTimelineView.swift */,
				DEBFC3D6CA0821BD00B62D19 /* ManualSegmentEditorView.swift */,
				4C2459912E419AFD5A5D7A90 /* StatsAggregateCache.swift */,
				3449422DE95BD818E909C196 /* StatsChartView.swift */,
				7DB2BD8A8F69624285FC2534 /* StatsDetailWindow.swift */,
				0E4FD90B5CD8FCFB8EFC9DB3 /* StatsSummaryView.swift */,
			);
			path = Stats;
			sourceTree = "<group>";
		};
		C2D515DF86BBE6EF2716EFAC /* HorongHorong */ = {
			isa = PBXGroup;
			children = (
				3B31DB4E51995E349060A4BF /* AppState.swift */,
				7A4E8966D113710C92CEA4A1 /* HorongHorongApp.swift */,
				5781B69C3CC47679EB30841C /* Info-AppStore.plist */,
				B07A535A9CDE7A856AF5AD5F /* Info.plist */,
				A70162EC166B024EE7E3C3F4 /* Config */,
				DFD55C04376EEF39F0CC487B /* Features */,
				6B199C2C66A17B1375EC6B5B /* Models */,
				35D18E31DCBE60D17D28BDE3 /* Resources */,
				7E4B8A99BE669550C84D8049 /* Services */,
				70939391556BCCF973D3BE42 /* Utilities */,
			);
			path = HorongHorong;
			sourceTree = "<group>";
		};
		D6F211BE9251816CECE7319B /* Products */ = {
			isa = PBXGroup;
			children = (
				564D4EC5189ABAFEE6EC2A39 /* HorongHorong.app */,
				97B2D11878311BFAD0B97EE8 /* HorongHorongAppStore.app */,
				466E0B5D318243D443FE2A58 /* HorongHorongTests.xctest */,
			);
			name = Products;
			sourceTree = "<group>";
		};
		DFD55C04376EEF39F0CC487B /* Features */ = {
			isa = PBXGroup;
			children = (
				1E4B4965F265FB7B10860E3E /* MenuBar */,
				80DE00BE96B88166E708AFDD /* News */,
				F32D244DB15F65B306453E7B /* QuickMemo */,
				3A8CA04F4FC42E0E6CA92FEC /* Settings */,
				C0672397F94719C7E3361487 /* Stats */,
				B9036DF71B70E130CCBCE424 /* Timer */,
				9A16804608A10A3554227571 /* Tracker */,
			);
			path = Features;
			sourceTree = "<group>";
		};
		E56EC08269797638E4600255 /* News */ = {
			isa = PBXGroup;
			children = (
				8A98093A84397D93D2E0190A /* NewsPipelineService.swift */,
			);
			path = News;
			sourceTree = "<group>";
		};
		F32D244DB15F65B306453E7B /* QuickMemo */ = {
			isa = PBXGroup;
			children = (
				B06FD581079FC0605C6731CA /* MemoBrowserWindow.swift */,
				76B92287537E68101A2064BE /* MemoListView.swift */,
				CADCBBA073A101670F2304F6 /* MemoReminderLinkService.swift */,
				A030D0949903C9FA062FB4D1 /* QuickMemoPanel.swift */,
				EF78DACE05A93FE9F6570B08 /* QuickMemoView.swift */,
			);
			path = QuickMemo;
			sourceTree = "<group>";
		};
/* End PBXGroup section */

/* Begin PBXNativeTarget section */
		3999572A8689F893F9B202D0 /* HorongHorong */ = {
			isa = PBXNativeTarget;
			buildConfigurationList = A14A5297AE08D880A940871A /* Build configuration list for PBXNativeTarget "HorongHorong" */;
			buildPhases = (
				846A6832735890A7535AB965 /* Sources */,
				613E1507391BCB27408AF181 /* Copy News Runner Resources */,
				BA29CBEDE63D494DAA4A8A3B /* Resources */,
				09EAF433CEAFBA6D0F266997 /* Frameworks */,
			);
			buildRules = (
			);
			dependencies = (
			);
			name = HorongHorong;
			packageProductDependencies = (
				249ADDF9DA45E15FEBDF62D3 /* HotKey */,
				99C698B2D6E31BC55CA99E28 /* Sparkle */,
			);
			productName = HorongHorong;
			productReference = 564D4EC5189ABAFEE6EC2A39 /* HorongHorong.app */;
			productType = "com.apple.product-type.application";
		};
		9E17BC1D729C410B05AED9F6 /* HorongHorongTests */ = {
			isa = PBXNativeTarget;
			buildConfigurationList = 83B9162CEBADDDF027782414 /* Build configuration list for PBXNativeTarget "HorongHorongTests" */;
			buildPhases = (
				AC4B4EF500667196CF14534B /* Sources */,
			);
			buildRules = (
			);
			dependencies = (
				10333BFFC1C289E88C0898FC /* PBXTargetDependency */,
			);
			name = HorongHorongTests;
			packageProductDependencies = (
			);
			productName = HorongHorongTests;
			productReference = 466E0B5D318243D443FE2A58 /* HorongHorongTests.xctest */;
			productType = "com.apple.product-type.bundle.unit-test";
		};
		D026B071F981481544DCD6D6 /* HorongHorongAppStore */ = {
			isa = PBXNativeTarget;
			buildConfigurationList = BEC54E89746AC94AC8B95D17 /* Build configuration list for PBXNativeTarget "HorongHorongAppStore" */;
			buildPhases = (
				25B5752A767B907757448F93 /* Sources */,
				0784A3029776D5DDDDC97518 /* Copy News Runner Resources */,
				5DAD3E47AFE419EEEBD82152 /* Resources */,
				6014F09331C13E9CD77C4153 /* Frameworks */,
			);
			buildRules = (
			);
			dependencies = (
			);
			name = HorongHorongAppStore;
			packageProductDependencies = (
				85C5FF338C0ED8D128A3F4A4 /* HotKey */,
			);
			productName = HorongHorongAppStore;
			productReference = 97B2D11878311BFAD0B97EE8 /* HorongHorongAppStore.app */;
			productType = "com.apple.product-type.application";
		};
/* End PBXNativeTarget section */

/* Begin PBXProject section */
		E67964FB6A29DB85DDC82AE9 /* Project object */ = {
			isa = PBXProject;
			attributes = {
				BuildIndependentTargetsInParallel = YES;
				LastUpgradeCheck = 1600;
			};
			buildConfigurationList = 48FF3CCB7F1F921DBA254CE0 /* Build configuration list for PBXProject "HorongHorong" */;
			compatibilityVersion = "Xcode 14.0";
			developmentRegion = en;
			hasScannedForEncodings = 0;
			knownRegions = (
				Base,
				en,
			);
			mainGroup = 8FE6EAB0B532AF56F183C23A;
			minimizedProjectReferenceProxies = 1;
			packageReferences = (
				F1A21E0872267F4709DFA02E /* XCRemoteSwiftPackageReference "HotKey" */,
				116E4D877BB3440B3621E016 /* XCRemoteSwiftPackageReference "Sparkle" */,
			);
			preferredProjectObjectVersion = 77;
			projectDirPath = "";
			projectRoot = "";
			targets = (
				3999572A8689F893F9B202D0 /* HorongHorong */,
				D026B071F981481544DCD6D6 /* HorongHorongAppStore */,
				9E17BC1D729C410B05AED9F6 /* HorongHorongTests */,
			);
		};
/* End PBXProject section */

/* Begin PBXResourcesBuildPhase section */
		5DAD3E47AFE419EEEBD82152 /* Resources */ = {
			isa = PBXResourcesBuildPhase;
			buildActionMask = 2147483647;
			files = (
				7676F5BE56FDF366D1FE8497 /* Assets.xcassets in Resources */,
			);
			runOnlyForDeploymentPostprocessing = 0;
		};
		BA29CBEDE63D494DAA4A8A3B /* Resources */ = {
			isa = PBXResourcesBuildPhase;
			buildActionMask = 2147483647;
			files = (
				B7080BB41ACDB7FB3340B3CE /* Assets.xcassets in Resources */,
			);
			runOnlyForDeploymentPostprocessing = 0;
		};
/* End PBXResourcesBuildPhase section */

/* Begin PBXShellScriptBuildPhase section */
		0784A3029776D5DDDDC97518 /* Copy News Runner Resources */ = {
			isa = PBXShellScriptBuildPhase;
			buildActionMask = 2147483647;
			files = (
			);
			inputFileListPaths = (
			);
			inputPaths = (
			);
			name = "Copy News Runner Resources";
			outputFileListPaths = (
			);
			outputPaths = (
			);
			runOnlyForDeploymentPostprocessing = 0;
			shellPath = /bin/sh;
			shellScript = "set -euo pipefail\nSRC=\"${PROJECT_DIR}/Agents/news_report\"\nDST=\"${TARGET_BUILD_DIR}/${UNLOCALIZED_RESOURCES_FOLDER_PATH}/news_report\"\nif [ ! -d \"$SRC\" ]; then\n  echo \"warning: News runner source not found: $SRC\"\n  exit 0\nfi\nmkdir -p \"$DST\"\nrsync -a --delete \\\n  --exclude '.venv' \\\n  --exclude '__pycache__' \\\n  --exclude '*.pyc' \\\n  --exclude '.DS_Store' \\\n  --exclude 'data' \\\n  \"$SRC/\" \"$DST/\"\n";
		};
		613E1507391BCB27408AF181 /* Copy News Runner Resources */ = {
			isa = PBXShellScriptBuildPhase;
			buildActionMask = 2147483647;
			files = (
			);
			inputFileListPaths = (
			);
			inputPaths = (
			);
			name = "Copy News Runner Resources";
			outputFileListPaths = (
			);
			outputPaths = (
			);
			runOnlyForDeploymentPostprocessing = 0;
			shellPath = /bin/sh;
			shellScript = "set -euo pipefail\nSRC=\"${PROJECT_DIR}/Agents/news_report\"\nDST=\"${TARGET_BUILD_DIR}/${UNLOCALIZED_RESOURCES_FOLDER_PATH}/news_report\"\nif [ ! -d \"$SRC\" ]; then\n  echo \"warning: News runner source not found: $SRC\"\n  exit 0\nfi\nmkdir -p \"$DST\"\nrsync -a --delete \\\n  --exclude '.venv' \\\n  --exclude '__pycache__' \\\n  --exclude '*.pyc' \\\n  --exclude '.DS_Store' \\\n  --exclude 'data' \\\n  \"$SRC/\" \"$DST/\"\n";
		};
/* End PBXShellScriptBuildPhase section */

/* Begin PBXSourcesBuildPhase section */
		25B5752A767B907757448F93 /* Sources */ = {
			isa = PBXSourcesBuildPhase;
			buildActionMask = 2147483647;
			files = (
				09CA990DEC583F533576BEEF /* AboutPage.swift in Sources */,
				138134C030882AFF017AC890 /* AgentPage.swift in Sources */,
				533B802C98794AE8B1A3CB83 /* AppCategoryRule.swift in Sources */,
				0C9BD0C654A4E26439111DD6 /* AppState.swift in Sources */,
				760BEF844A5B3167F3E07AC4 /* AppTracker.swift in Sources */,
				E66989622DD4CF4E1A1E623E /* AppUsageRecord.swift in Sources */,
				59473582E6A58C3CB519A58D /* AppUsageSegment.swift in Sources */,
				289FD0AD08D447CE4FB7EAF3 /* AppearancePage.swift in Sources */,
				28B3CBFBC69FB131DF93FACF /* AttentionAnalytics.swift in Sources */,
				31AB4AAABF2512AA4FC8C028 /* AttentionEvent.swift in Sources */,
				1CAD7AB6A972872AB1B1522C /* AttentionThresholdStore.swift in Sources */,
				B3528784509B495DC0B74EBF /* BreakTransitionIntent.swift in Sources */,
				09A0D81D790A874E6630F035 /* CategoryManager.swift in Sources */,
				695BCFFE660CE68416839EFC /* CategoryMappingPage.swift in Sources */,
				4999BFE7F0B2D40FCBA447B6 /* CategoryPairStore.swift in Sources */,
				7B8D2345A0F433866A97C450 /* Chips.swift in Sources */,
				1AEDAFD28B0428145B525554 /* Constants.swift in Sources */,
				DE77B8B431013949F4432E0C /* DailyAttentionReport.swift in Sources */,
				FFB67723BAB290AFB9E66A55 /* DailyTimelineView.swift in Sources */,
				D7AC6BC9D65AE62285D791EA /* DataPage.swift in Sources */,
				44D9797D84B677ADC0CDFF21 /* FocusSession.swift in Sources */,
				1A6C7DA23BA0F48C7DEFCC48 /* GeneralPage.swift in Sources */,
				44198BC1E53BFB6CDDBFD35C /* HorongHorongApp.swift in Sources */,
				CE1BF3D54B1C542F8E34A3A6 /* HotKeyManager.swift in Sources */,
				D7282E6EE4EE7518C643767E /* HotkeyPage.swift in Sources */,
				7067CFF66B6206B3E78C1353 /* HotkeyRecorderField.swift in Sources */,
				3A671FA2CC5885AEA2BBA419 /* HotkeyStore.swift in Sources */,
				238B891522C7CEB45D85FAA8 /* IdlePromptPanel.swift in Sources */,
				00966F3FF0C3252F37DC0342 /* IdleThresholdStore.swift in Sources */,
				5567063656AF7EE80F718883 /* ManualSegmentEditorView.swift in Sources */,
				5A87B36A68806EAA7B236B36 /* Memo.swift in Sources */,
				693264CD9F0555C27CD695F7 /* MemoBrowserWindow.swift in Sources */,
				EE8925923588F90EEF3046B3 /* MemoListView.swift in Sources */,
				D2F1BB8FB913F1F9E55F5A29 /* MemoPage.swift in Sources */,
				71F7538C217AFC97575FFF3A /* MemoReminderLinkService.swift in Sources */,
				459C4946B373AF605B68A0E9 /* MenuBarPopover.swift in Sources */,
				455676486F964D8A9685CFDB /* NewsJob.swift in Sources */,
				EC50549718FC0C979520BDAF /* NewsPage.swift in Sources */,
				20D4C350080049D6DC2D7E4E /* NewsPipelineService.swift in Sources */,
				337238A044233AF174112531 /* NewsReportIndex.swift in Sources */,
				ECC230395CCF73ED85FA1661 /* NewsSourceSheets.swift in Sources */,
				1DDBA968DC3315CAA55EE0E0 /* NewsSourceStore.swift in Sources */,
				2B8DEA8E72AC0CC016E86887 /* NewsView.swift in Sources */,
				30D731ADD408AF38CC53CE5B /* NotificationManager.swift in Sources */,
				87F3AA939D8BBDCF6104DA96 /* NumberField.swift in Sources */,
				C78A6683548FD6B079DBE7AB /* QuickMemoPanel.swift in Sources */,
				7C922A7F268962B08B1E4CF8 /* QuickMemoView.swift in Sources */,
				B993B2B4F9A1B5B33F7810B8 /* SettingsCard.swift in Sources */,
				EC2A470059AF29664EC97895 /* SettingsRoot.swift in Sources */,
				78C38709A39CB5916E78C7FF /* SettingsRow.swift in Sources */,
				6B9AE3B79B370DC4284245ED /* SettingsSection.swift in Sources */,
				51C01295B928B8C3A7FEA701 /* SettingsSidebar.swift in Sources */,
				32DE92C68823205EC789ECBA /* SettingsTheme.swift in Sources */,
				907C5CA32BE34AE21DEDCB6A /* StatsAggregateCache.swift in Sources */,
				D29381D3B26885804DF53D7E /* StatsChartView.swift in Sources */,
				0001FB54B1AE562E58F819BA /* StatsDetailWindow.swift in Sources */,
				35D80B553132B90DF264D277 /* StatsPage.swift in Sources */,
				93D9F4D663EFE21581AA00F8 /* StatsSummaryView.swift in Sources */,
				25B0E14F3F8559765D991402 /* SwiftDataStoreLocation.swift in Sources */,
				D86AE09E168B67F6030C8D75 /* TelemetryClient.swift in Sources */,
				B1F39B69BED7B0EFA0DFD706 /* TelemetryConfig.swift in Sources */,
				BD616B01DF26BD6082F4FD0E /* TelemetryConsentStore.swift in Sources */,
				5CEAD3C8F944905C91EE32A6 /* TimerManager.swift in Sources */,
				A5A899F873928691D361DCEE /* TimerPage.swift in Sources */,
				26AE35860542CB3B670B62AF /* TimerView.swift in Sources */,
				C188D409EA4A7C34F06ADB97 /* ToastPanel.swift in Sources */,
				B8975E412D2FEA7E1E6773D8 /* TrackerStateStore.swift in Sources */,
				47E469E49FE2CA4A3564A585 /* WindowAccessor.swift in Sources */,
			);
			runOnlyForDeploymentPostprocessing = 0;
		};
		846A6832735890A7535AB965 /* Sources */ = {
			isa = PBXSourcesBuildPhase;
			buildActionMask = 2147483647;
			files = (
				2B7D0194C22B17AC0DB756EB /* AboutPage.swift in Sources */,
				8004232786078535BE1E6842 /* AgentPage.swift in Sources */,
				9187F8ED3C5941A72C6CF2C8 /* AppCategoryRule.swift in Sources */,
				5F9575D56F909341E5F91036 /* AppState.swift in Sources */,
				E0E8E2D315CAAD284FAA4995 /* AppTracker.swift in Sources */,
				0DA902D388B24F3F3018AE26 /* AppUpdateManager.swift in Sources */,
				CDB824ED9A9BD44F60F92F11 /* AppUsageRecord.swift in Sources */,
				016363067D14320E1F8074D5 /* AppUsageSegment.swift in Sources */,
				946449EA22D62F0085AFBC3E /* AppearancePage.swift in Sources */,
				E31A23BC39CC496DE6A0AC67 /* AttentionAnalytics.swift in Sources */,
				8AE9D2079C15D42F575B9737 /* AttentionEvent.swift in Sources */,
				DC75971C572F7C2271E87F3C /* AttentionThresholdStore.swift in Sources */,
				05DC5734A43326DF0D03A03D /* BreakTransitionIntent.swift in Sources */,
				9712EAE85911517158098C74 /* CategoryManager.swift in Sources */,
				4430C7455BABB9BE90F240D0 /* CategoryMappingPage.swift in Sources */,
				1F56E73BFE279638ECA2FD17 /* CategoryPairStore.swift in Sources */,
				9539A27FD1F5F353F5AC3C03 /* Chips.swift in Sources */,
				ED32C74F4BFD97AFA63FF617 /* Constants.swift in Sources */,
				272BFC3DBE4F345B7E84FF77 /* DailyAttentionReport.swift in Sources */,
				7F1BC18A9C50425940C70DEC /* DailyTimelineView.swift in Sources */,
				B05C72919DCDF746B16E76A7 /* DataPage.swift in Sources */,
				853DD6929C384C8932D1626E /* FocusSession.swift in Sources */,
				6255BEFEB2A8D1DE41BD3A09 /* GeneralPage.swift in Sources */,
				46A453BF1EF4944AB3ABC7D7 /* HorongHorongApp.swift in Sources */,
				A350A5EAE13EA123D76BFB02 /* HotKeyManager.swift in Sources */,
				0026DFF52574A7D11D6AE0E4 /* HotkeyPage.swift in Sources */,
				ECCAFFFD8FD947204F06304B /* HotkeyRecorderField.swift in Sources */,
				89797B000FD3E42C96016E72 /* HotkeyStore.swift in Sources */,
				3A1DAABFEF3A8028ADD4CD79 /* IdlePromptPanel.swift in Sources */,
				CEEB0868110644CE605BE0EF /* IdleThresholdStore.swift in Sources */,
				FA4C0EC8BCBD4E91B2FBD41A /* ManualSegmentEditorView.swift in Sources */,
				A80C053F7415CA29695F7B8A /* Memo.swift in Sources */,
				3CBF43D40623337B5738D178 /* MemoBrowserWindow.swift in Sources */,
				C9152C92297F1D3166835ECD /* MemoListView.swift in Sources */,
				2F3BE3CCCC9AE730A258F509 /* MemoPage.swift in Sources */,
				C01F8CD99337F59D80BD2EFF /* MemoReminderLinkService.swift in Sources */,
				7C65AC212D50F78F309C7105 /* MenuBarPopover.swift in Sources */,
				5EA71A166C05975583B8178A /* NewsJob.swift in Sources */,
				F4D9E259D17E0B935BAB22BE /* NewsPage.swift in Sources */,
				4EC10E78479CA252D21CCBFC /* NewsPipelineService.swift in Sources */,
				3B87C804AFE0D1FC7D246FA0 /* NewsReportIndex.swift in Sources */,
				D73B107FF69D256E8EB3818C /* NewsSourceSheets.swift in Sources */,
				D1693B32CB672067FC2B9645 /* NewsSourceStore.swift in Sources */,
				E3C8FF0049B8921F18CE8281 /* NewsView.swift in Sources */,
				AA7A24CBAC88249FDEE03744 /* NotificationManager.swift in Sources */,
				315AFD0EDCF1F229F02DEC9F /* NumberField.swift in Sources */,
				45A7BCF4EB46440E9A298087 /* QuickMemoPanel.swift in Sources */,
				675C4D477215891B268F51A1 /* QuickMemoView.swift in Sources */,
				532725CCFBCA016CF30E224A /* SettingsCard.swift in Sources */,
				89CC7ED84F662AE66906C38D /* SettingsRoot.swift in Sources */,
				AFED5C415142D67BF18348E0 /* SettingsRow.swift in Sources */,
				2CA6F9AFFFC2AE48382D2FF9 /* SettingsSection.swift in Sources */,
				F2C018E05B5982E4D56AFFE0 /* SettingsSidebar.swift in Sources */,
				0A73805E0D529289643AF890 /* SettingsTheme.swift in Sources */,
				D1B01DA0AC4C7C042A3F2A5E /* StatsAggregateCache.swift in Sources */,
				35F856165E7997406F5237AA /* StatsChartView.swift in Sources */,
				84FFF5E7FA6F5D676A2DD427 /* StatsDetailWindow.swift in Sources */,
				EA80346AF95E33D253BC6571 /* StatsPage.swift in Sources */,
				743204795E302BF902290E6E /* StatsSummaryView.swift in Sources */,
				65087745A1FB1998A76AA08D /* SwiftDataStoreLocation.swift in Sources */,
				3269DB63DD8C3318494DF45C /* TelemetryClient.swift in Sources */,
				A388D280BCC9EB6032282ECD /* TelemetryConfig.swift in Sources */,
				B1FDF2D27147EDC228F00650 /* TelemetryConsentStore.swift in Sources */,
				610B81BD6C5B911E9B5FB594 /* TimerManager.swift in Sources */,
				B29EB188EB9DA958F8D7BBDA /* TimerPage.swift in Sources */,
				4567B73E8D887DC9F160399B /* TimerView.swift in Sources */,
				4AF7DB95F4F14DA73338634E /* ToastPanel.swift in Sources */,
				391102A0C2CE4E98866D76DE /* TrackerStateStore.swift in Sources */,
				7B3C4397A9973380E6209E19 /* WindowAccessor.swift in Sources */,
			);
			runOnlyForDeploymentPostprocessing = 0;
		};
		AC4B4EF500667196CF14534B /* Sources */ = {
			isa = PBXSourcesBuildPhase;
			buildActionMask = 2147483647;
			files = (
				7D5001BA1778BFD2D3D9607B /* AttentionAnalyticsTests.swift in Sources */,
				2914E61149677340D1EF8D4D /* BrowserURLClassificationTests.swift in Sources */,
				0C457E2681F8C34BE3ADF35C /* ConstantsDefaultsTests.swift in Sources */,
				45A882288E745AC844D54E2F /* NewsDefaultsTests.swift in Sources */,
				C07D89B4E7FFDC4E467D2CEC /* SwiftDataStoreLocationTests.swift in Sources */,
			);
			runOnlyForDeploymentPostprocessing = 0;
		};
/* End PBXSourcesBuildPhase section */

/* Begin PBXTargetDependency section */
		10333BFFC1C289E88C0898FC /* PBXTargetDependency */ = {
			isa = PBXTargetDependency;
			target = 3999572A8689F893F9B202D0 /* HorongHorong */;
			targetProxy = 2C490A1E3380C172E53EB8D4 /* PBXContainerItemProxy */;
		};
/* End PBXTargetDependency section */

/* Begin XCBuildConfiguration section */
		2F37DDB2B1509C63AF2BF7E5 /* Debug */ = {
			isa = XCBuildConfiguration;
			baseConfigurationReference = 11B0CDCA7E10FBDDE98D737D /* Base.xcconfig */;
			buildSettings = {
				ASSETCATALOG_COMPILER_APPICON_NAME = AppIcon;
				CODE_SIGNING_ALLOWED = NO;
				CODE_SIGN_ENTITLEMENTS = HorongHorong/HorongHorong.entitlements;
				COMBINE_HIDPI_IMAGES = YES;
				ENABLE_APP_SANDBOX = YES;
				INFOPLIST_FILE = "HorongHorong/Info-AppStore.plist";
				LD_RUNPATH_SEARCH_PATHS = (
					"$(inherited)",
					"@executable_path/../Frameworks",
				);
				PRODUCT_BUNDLE_IDENTIFIER = com.horonghorong.app;
				PRODUCT_NAME = "호롱호롱";
				SDKROOT = macosx;
				SWIFT_STRICT_CONCURRENCY = minimal;
				SWIFT_VERSION = 6.0;
			};
			name = Debug;
		};
		4DC2625C77DF0E8AD7B63B22 /* Release */ = {
			isa = XCBuildConfiguration;
			buildSettings = {
				ALWAYS_SEARCH_USER_PATHS = NO;
				CLANG_ANALYZER_NONNULL = YES;
				CLANG_ANALYZER_NUMBER_OBJECT_CONVERSION = YES_AGGRESSIVE;
				CLANG_CXX_LANGUAGE_STANDARD = "gnu++14";
				CLANG_CXX_LIBRARY = "libc++";
				CLANG_ENABLE_MODULES = YES;
				CLANG_ENABLE_OBJC_ARC = YES;
				CLANG_ENABLE_OBJC_WEAK = YES;
				CLANG_WARN_BLOCK_CAPTURE_AUTORELEASING = YES;
				CLANG_WARN_BOOL_CONVERSION = YES;
				CLANG_WARN_COMMA = YES;
				CLANG_WARN_CONSTANT_CONVERSION = YES;
				CLANG_WARN_DEPRECATED_OBJC_IMPLEMENTATIONS = YES;
				CLANG_WARN_DIRECT_OBJC_ISA_USAGE = YES_ERROR;
				CLANG_WARN_DOCUMENTATION_COMMENTS = YES;
				CLANG_WARN_EMPTY_BODY = YES;
				CLANG_WARN_ENUM_CONVERSION = YES;
				CLANG_WARN_INFINITE_RECURSION = YES;
				CLANG_WARN_INT_CONVERSION = YES;
				CLANG_WARN_NON_LITERAL_NULL_CONVERSION = YES;
				CLANG_WARN_OBJC_IMPLICIT_RETAIN_SELF = YES;
				CLANG_WARN_OBJC_LITERAL_CONVERSION = YES;
				CLANG_WARN_OBJC_ROOT_CLASS = YES_ERROR;
				CLANG_WARN_QUOTED_INCLUDE_IN_FRAMEWORK_HEADER = YES;
				CLANG_WARN_RANGE_LOOP_ANALYSIS = YES;
				CLANG_WARN_STRICT_PROTOTYPES = YES;
				CLANG_WARN_SUSPICIOUS_MOVE = YES;
				CLANG_WARN_UNGUARDED_AVAILABILITY = YES_AGGRESSIVE;
				CLANG_WARN_UNREACHABLE_CODE = YES;
				CLANG_WARN__DUPLICATE_METHOD_MATCH = YES;
				COPY_PHASE_STRIP = NO;
				CURRENT_PROJECT_VERSION = 4;
				DEBUG_INFORMATION_FORMAT = "dwarf-with-dsym";
				ENABLE_NS_ASSERTIONS = NO;
				ENABLE_STRICT_OBJC_MSGSEND = YES;
				GCC_C_LANGUAGE_STANDARD = gnu11;
				GCC_NO_COMMON_BLOCKS = YES;
				GCC_WARN_64_TO_32_BIT_CONVERSION = YES;
				GCC_WARN_ABOUT_RETURN_TYPE = YES_ERROR;
				GCC_WARN_UNDECLARED_SELECTOR = YES;
				GCC_WARN_UNINITIALIZED_AUTOS = YES_AGGRESSIVE;
				GCC_WARN_UNUSED_FUNCTION = YES;
				GCC_WARN_UNUSED_VARIABLE = YES;
				MACOSX_DEPLOYMENT_TARGET = 14.0;
				MARKETING_VERSION = 0.1.1;
				MTL_ENABLE_DEBUG_INFO = NO;
				MTL_FAST_MATH = YES;
				PRODUCT_NAME = "$(TARGET_NAME)";
				SDKROOT = macosx;
				SWIFT_COMPILATION_MODE = wholemodule;
				SWIFT_OPTIMIZATION_LEVEL = "-O";
				SWIFT_VERSION = 6.0;
			};
			name = Release;
		};
		55F7E83CE179E682FE6B348E /* Release */ = {
			isa = XCBuildConfiguration;
			baseConfigurationReference = 11B0CDCA7E10FBDDE98D737D /* Base.xcconfig */;
			buildSettings = {
				ASSETCATALOG_COMPILER_APPICON_NAME = AppIcon;
				CODE_SIGNING_ALLOWED = NO;
				CODE_SIGN_ENTITLEMENTS = HorongHorong/HorongHorong.entitlements;
				COMBINE_HIDPI_IMAGES = YES;
				ENABLE_APP_SANDBOX = NO;
				INFOPLIST_FILE = HorongHorong/Info.plist;
				LD_RUNPATH_SEARCH_PATHS = (
					"$(inherited)",
					"@executable_path/../Frameworks",
				);
				OTHER_SWIFT_FLAGS = "$(inherited) -DDIRECT_DISTRIBUTION";
				PRODUCT_BUNDLE_IDENTIFIER = com.horonghorong.app;
				PRODUCT_NAME = "호롱호롱";
				SDKROOT = macosx;
				SWIFT_STRICT_CONCURRENCY = minimal;
				SWIFT_VERSION = 6.0;
			};
			name = Release;
		};
		929138555E2F5361972D2B1F /* Debug */ = {
			isa = XCBuildConfiguration;
			buildSettings = {
				BUNDLE_LOADER = "$(TEST_HOST)";
				CODE_SIGNING_ALLOWED = NO;
				COMBINE_HIDPI_IMAGES = YES;
				LD_RUNPATH_SEARCH_PATHS = (
					"$(inherited)",
					"@executable_path/../Frameworks",
					"@loader_path/../Frameworks",
				);
				PRODUCT_BUNDLE_IDENTIFIER = com.horonghorong.app.tests;
				SDKROOT = macosx;
				SWIFT_VERSION = 6.0;
				TEST_HOST = "$(BUILT_PRODUCTS_DIR)/호롱호롱.app/Contents/MacOS/호롱호롱";
			};
			name = Debug;
		};
		9368D8CE82DE58C8045839AA /* Release */ = {
			isa = XCBuildConfiguration;
			baseConfigurationReference = 11B0CDCA7E10FBDDE98D737D /* Base.xcconfig */;
			buildSettings = {
				ASSETCATALOG_COMPILER_APPICON_NAME = AppIcon;
				CODE_SIGNING_ALLOWED = NO;
				CODE_SIGN_ENTITLEMENTS = HorongHorong/HorongHorong.entitlements;
				COMBINE_HIDPI_IMAGES = YES;
				ENABLE_APP_SANDBOX = YES;
				INFOPLIST_FILE = "HorongHorong/Info-AppStore.plist";
				LD_RUNPATH_SEARCH_PATHS = (
					"$(inherited)",
					"@executable_path/../Frameworks",
				);
				PRODUCT_BUNDLE_IDENTIFIER = com.horonghorong.app;
				PRODUCT_NAME = "호롱호롱";
				SDKROOT = macosx;
				SWIFT_STRICT_CONCURRENCY = minimal;
				SWIFT_VERSION = 6.0;
			};
			name = Release;
		};
		AD9C768759DCEDA2FEFFE8FB /* Debug */ = {
			isa = XCBuildConfiguration;
			baseConfigurationReference = 11B0CDCA7E10FBDDE98D737D /* Base.xcconfig */;
			buildSettings = {
				ASSETCATALOG_COMPILER_APPICON_NAME = AppIcon;
				CODE_SIGNING_ALLOWED = NO;
				CODE_SIGN_ENTITLEMENTS = HorongHorong/HorongHorong.entitlements;
				COMBINE_HIDPI_IMAGES = YES;
				ENABLE_APP_SANDBOX = NO;
				INFOPLIST_FILE = HorongHorong/Info.plist;
				LD_RUNPATH_SEARCH_PATHS = (
					"$(inherited)",
					"@executable_path/../Frameworks",
				);
				OTHER_SWIFT_FLAGS = "$(inherited) -DDIRECT_DISTRIBUTION";
				PRODUCT_BUNDLE_IDENTIFIER = com.horonghorong.app;
				PRODUCT_NAME = "호롱호롱";
				SDKROOT = macosx;
				SWIFT_STRICT_CONCURRENCY = minimal;
				SWIFT_VERSION = 6.0;
			};
			name = Debug;
		};
		CF867088F4F4918F01D19F15 /* Debug */ = {
			isa = XCBuildConfiguration;
			buildSettings = {
				ALWAYS_SEARCH_USER_PATHS = NO;
				CLANG_ANALYZER_NONNULL = YES;
				CLANG_ANALYZER_NUMBER_OBJECT_CONVERSION = YES_AGGRESSIVE;
				CLANG_CXX_LANGUAGE_STANDARD = "gnu++14";
				CLANG_CXX_LIBRARY = "libc++";
				CLANG_ENABLE_MODULES = YES;
				CLANG_ENABLE_OBJC_ARC = YES;
				CLANG_ENABLE_OBJC_WEAK = YES;
				CLANG_WARN_BLOCK_CAPTURE_AUTORELEASING = YES;
				CLANG_WARN_BOOL_CONVERSION = YES;
				CLANG_WARN_COMMA = YES;
				CLANG_WARN_CONSTANT_CONVERSION = YES;
				CLANG_WARN_DEPRECATED_OBJC_IMPLEMENTATIONS = YES;
				CLANG_WARN_DIRECT_OBJC_ISA_USAGE = YES_ERROR;
				CLANG_WARN_DOCUMENTATION_COMMENTS = YES;
				CLANG_WARN_EMPTY_BODY = YES;
				CLANG_WARN_ENUM_CONVERSION = YES;
				CLANG_WARN_INFINITE_RECURSION = YES;
				CLANG_WARN_INT_CONVERSION = YES;
				CLANG_WARN_NON_LITERAL_NULL_CONVERSION = YES;
				CLANG_WARN_OBJC_IMPLICIT_RETAIN_SELF = YES;
				CLANG_WARN_OBJC_LITERAL_CONVERSION = YES;
				CLANG_WARN_OBJC_ROOT_CLASS = YES_ERROR;
				CLANG_WARN_QUOTED_INCLUDE_IN_FRAMEWORK_HEADER = YES;
				CLANG_WARN_RANGE_LOOP_ANALYSIS = YES;
				CLANG_WARN_STRICT_PROTOTYPES = YES;
				CLANG_WARN_SUSPICIOUS_MOVE = YES;
				CLANG_WARN_UNGUARDED_AVAILABILITY = YES_AGGRESSIVE;
				CLANG_WARN_UNREACHABLE_CODE = YES;
				CLANG_WARN__DUPLICATE_METHOD_MATCH = YES;
				COPY_PHASE_STRIP = NO;
				CURRENT_PROJECT_VERSION = 4;
				DEBUG_INFORMATION_FORMAT = dwarf;
				ENABLE_STRICT_OBJC_MSGSEND = YES;
				ENABLE_TESTABILITY = YES;
				GCC_C_LANGUAGE_STANDARD = gnu11;
				GCC_DYNAMIC_NO_PIC = NO;
				GCC_NO_COMMON_BLOCKS = YES;
				GCC_OPTIMIZATION_LEVEL = 0;
				GCC_PREPROCESSOR_DEFINITIONS = (
					"$(inherited)",
					"DEBUG=1",
				);
				GCC_WARN_64_TO_32_BIT_CONVERSION = YES;
				GCC_WARN_ABOUT_RETURN_TYPE = YES_ERROR;
				GCC_WARN_UNDECLARED_SELECTOR = YES;
				GCC_WARN_UNINITIALIZED_AUTOS = YES_AGGRESSIVE;
				GCC_WARN_UNUSED_FUNCTION = YES;
				GCC_WARN_UNUSED_VARIABLE = YES;
				MACOSX_DEPLOYMENT_TARGET = 14.0;
				MARKETING_VERSION = 0.1.1;
				MTL_ENABLE_DEBUG_INFO = INCLUDE_SOURCE;
				MTL_FAST_MATH = YES;
				ONLY_ACTIVE_ARCH = YES;
				PRODUCT_NAME = "$(TARGET_NAME)";
				SDKROOT = macosx;
				SWIFT_ACTIVE_COMPILATION_CONDITIONS = DEBUG;
				SWIFT_OPTIMIZATION_LEVEL = "-Onone";
				SWIFT_VERSION = 6.0;
			};
			name = Debug;
		};
		E51EB9E165A0611A33301C5D /* Release */ = {
			isa = XCBuildConfiguration;
			buildSettings = {
				BUNDLE_LOADER = "$(TEST_HOST)";
				CODE_SIGNING_ALLOWED = NO;
				COMBINE_HIDPI_IMAGES = YES;
				LD_RUNPATH_SEARCH_PATHS = (
					"$(inherited)",
					"@executable_path/../Frameworks",
					"@loader_path/../Frameworks",
				);
				PRODUCT_BUNDLE_IDENTIFIER = com.horonghorong.app.tests;
				SDKROOT = macosx;
				SWIFT_VERSION = 6.0;
				TEST_HOST = "$(BUILT_PRODUCTS_DIR)/호롱호롱.app/Contents/MacOS/호롱호롱";
			};
			name = Release;
		};
/* End XCBuildConfiguration section */

/* Begin XCConfigurationList section */
		48FF3CCB7F1F921DBA254CE0 /* Build configuration list for PBXProject "HorongHorong" */ = {
			isa = XCConfigurationList;
			buildConfigurations = (
				CF867088F4F4918F01D19F15 /* Debug */,
				4DC2625C77DF0E8AD7B63B22 /* Release */,
			);
			defaultConfigurationIsVisible = 0;
			defaultConfigurationName = Debug;
		};
		83B9162CEBADDDF027782414 /* Build configuration list for PBXNativeTarget "HorongHorongTests" */ = {
			isa = XCConfigurationList;
			buildConfigurations = (
				929138555E2F5361972D2B1F /* Debug */,
				E51EB9E165A0611A33301C5D /* Release */,
			);
			defaultConfigurationIsVisible = 0;
			defaultConfigurationName = Debug;
		};
		A14A5297AE08D880A940871A /* Build configuration list for PBXNativeTarget "HorongHorong" */ = {
			isa = XCConfigurationList;
			buildConfigurations = (
				AD9C768759DCEDA2FEFFE8FB /* Debug */,
				55F7E83CE179E682FE6B348E /* Release */,
			);
			defaultConfigurationIsVisible = 0;
			defaultConfigurationName = Debug;
		};
		BEC54E89746AC94AC8B95D17 /* Build configuration list for PBXNativeTarget "HorongHorongAppStore" */ = {
			isa = XCConfigurationList;
			buildConfigurations = (
				2F37DDB2B1509C63AF2BF7E5 /* Debug */,
				9368D8CE82DE58C8045839AA /* Release */,
			);
			defaultConfigurationIsVisible = 0;
			defaultConfigurationName = Debug;
		};
/* End XCConfigurationList section */

/* Begin XCRemoteSwiftPackageReference section */
		116E4D877BB3440B3621E016 /* XCRemoteSwiftPackageReference "Sparkle" */ = {
			isa = XCRemoteSwiftPackageReference;
			repositoryURL = "https://github.com/sparkle-project/Sparkle";
			requirement = {
				kind = upToNextMajorVersion;
				minimumVersion = 2.9.0;
			};
		};
		F1A21E0872267F4709DFA02E /* XCRemoteSwiftPackageReference "HotKey" */ = {
			isa = XCRemoteSwiftPackageReference;
			repositoryURL = "https://github.com/soffes/HotKey.git";
			requirement = {
				kind = upToNextMajorVersion;
				minimumVersion = 0.2.1;
			};
		};
/* End XCRemoteSwiftPackageReference section */

/* Begin XCSwiftPackageProductDependency section */
		249ADDF9DA45E15FEBDF62D3 /* HotKey */ = {
			isa = XCSwiftPackageProductDependency;
			package = F1A21E0872267F4709DFA02E /* XCRemoteSwiftPackageReference "HotKey" */;
			productName = HotKey;
		};
		85C5FF338C0ED8D128A3F4A4 /* HotKey */ = {
			isa = XCSwiftPackageProductDependency;
			package = F1A21E0872267F4709DFA02E /* XCRemoteSwiftPackageReference "HotKey" */;
			productName = HotKey;
		};
		99C698B2D6E31BC55CA99E28 /* Sparkle */ = {
			isa = XCSwiftPackageProductDependency;
			package = 116E4D877BB3440B3621E016 /* XCRemoteSwiftPackageReference "Sparkle" */;
			productName = Sparkle;
		};
/* End XCSwiftPackageProductDependency section */
	};
	rootObject = E67964FB6A29DB85DDC82AE9 /* Project object */;
}
